
Microsoft Visual Studio Solution File, Format Version 12.00
# Visual Studio Version 17
VisualStudioVersion = 17.1.32407.343
MinimumVisualStudioVersion = 10.0.40219.1
Project("{8BC9CEB8-8B4A-11D0-8D11-00A0C91BC942}") = "Engine", "Game-Engine\Game-Engine.vcxproj", "{2A596F40-78D5-4A54-AF3B-F3DF0CC1C8CA}"
EndProject
Project("{8BC9CEB8-8B4A-11D0-8D11-00A0C91BC942}") = "Sandbox", "Sandbox\Sandbox.vcxproj", "{AB2A1B0E-BE17-4599-ADC3-EE904B3EB3E0}"
EndProject
Global
	GlobalSection(SolutionConfigurationPlatforms) = preSolution
		Debug|x64 = Debug|x64
		Release|x64 = Release|x64
	EndGlobalSection
	GlobalSection(ProjectConfigurationPlatforms) = postSolution
		{2A596F40-78D5-4A54-AF3B-F3DF0CC1C8CA}.Debug|x64.ActiveCfg = Debug|x64
		{2A596F40-78D5-4A54-AF3B-F3DF0CC1C8CA}.Debug|x64.Build.0 = Debug|x64
		{2A596F40-78D5-4A54-AF3B-F3DF0CC1C8CA}.Release|x64.ActiveCfg = Release|x64
		{2A596F40-78D5-4A54-AF3B-F3DF0CC1C8CA}.Release|x64.Build.0 = Release|x64
		{AB2A1B0E-BE17-4599-ADC3-EE904B3EB3E0}.Debug|x64.ActiveCfg = Debug|x64
		{AB2A1B0E-BE17-4599-ADC3-EE904B3EB3E0}.Debug|x64.Build.0 = Debug|x64
		{AB2A1B0E-BE17-4599-ADC3-EE904B3EB3E0}.Release|x64.ActiveCfg = Release|x64
		{AB2A1B0E-BE17-4599-ADC3-EE904B3EB3E0}.Release|x64.Build.0 = Release|x64
	EndGlobalSection
	GlobalSection(SolutionProperties) = preSolution
		HideSolutionNode = FALSE
	EndGlobalSection
	GlobalSection(ExtensibilityGlobals) = postSolution
		SolutionGuid = {AD6AD3CE-1150-44BA-AD86-29F90289B658}
	EndGlobalSection
EndGlobal
